<?xml version="1.0" encoding="utf-8"?>
<Project ToolsVersion="4.0" xmlns="http://schemas.microsoft.com/developer/msbuild/2003">
  <ItemGroup>
    <Filter Include="Source Files">
      <UniqueIdentifier>{4FC737F1-C7A5-4376-A066-2A32D752A2FF}</UniqueIdentifier>
      <Extensions>cpp;c;cc;cxx;def;odl;idl;hpj;bat;asm;asmx</Extensions>
    </Filter>
    <Filter Include="Header Files">
      <UniqueIdentifier>{93995380-89BD-4b04-88EB-625FBE52EBFB}</UniqueIdentifier>
      <Extensions>h;hpp;hxx;hm;inl;inc;xsd</Extensions>
    </Filter>
    <Filter Include="Resource Files">
      <UniqueIdentifier>{67DA6AB6-F800-4c08-8B7A-83BB121AAD01}</UniqueIdentifier>
      <Extensions>rc;ico;cur;bmp;dlg;rc2;rct;bin;rgs;gif;jpg;jpeg;jpe;resx;tiff;tif;png;wav</Extensions>
    </Filter>
    <Filter Include="TestDevice">
      <UniqueIdentifier>{4c39ca41-90bb-43e8-aa5d-515f84017448}</UniqueIdentifier>
    </Filter>
    <Filter Include="TestDevice\web">
      <UniqueIdentifier>{87091467-514c-480d-92b4-73e62e2f3c3b}</UniqueIdentifier>
    </Filter>
  </ItemGroup>
  <ItemGroup>
    <ClCompile Include="..\dss\darksidesync_aux.c">
      <Filter>Source Files</Filter>
    </ClCompile>
    <ClCompile Include="luaIXMLsupport.c">
      <Filter>Source Files</Filter>
    </ClCompile>
    <ClCompile Include="luaIXML.c">
      <Filter>Source Files</Filter>
    </ClCompile>
    <ClCompile Include="luaIXMLnode.c">
      <Filter>Source Files</Filter>
    </ClCompile>
    <ClCompile Include="luaIXMLelement.c">
      <Filter>Source Files</Filter>
    </ClCompile>
    <ClCompile Include="luaIXMLdocument.c">
      <Filter>Source Files</Filter>
    </ClCompile>
    <ClCompile Include="luaUPnP.c">
      <Filter>Source Files</Filter>
    </ClCompile>
    <ClCompile Include="luaUPnPcallback.c">
      <Filter>Source Files</Filter>
    </ClCompile>
    <ClCompile Include="luaUPnPsupport.c">
      <Filter>Source Files</Filter>
    </ClCompile>
  </ItemGroup>
  <ItemGroup>
    <ClInclude Include="..\dss\darksidesync_api.h">
      <Filter>Header Files</Filter>
    </ClInclude>
    <ClInclude Include="luaIXMLdocument.h">
      <Filter>Header Files</Filter>
    </ClInclude>
    <ClInclude Include="luaIXMLelement.h">
      <Filter>Header Files</Filter>
    </ClInclude>
    <ClInclude Include="luaIXMLsupport.h">
      <Filter>Header Files</Filter>
    </ClInclude>
    <ClInclude Include="luaIXML.h">
      <Filter>Header Files</Filter>
    </ClInclude>
    <ClInclude Include="luaIXMLnode.h">
      <Filter>Header Files</Filter>
    </ClInclude>
    <ClInclude Include="luaUPnP.h">
      <Filter>Header Files</Filter>
    </ClInclude>
    <ClInclude Include="luaUPnPcallback.h">
      <Filter>Header Files</Filter>
    </ClInclude>
    <ClInclude Include="luaUPnPsupport.h">
      <Filter>Header Files</Filter>
    </ClInclude>
    <ClInclude Include="..\dss\darksidesync_aux.h">
      <Filter>Header Files</Filter>
    </ClInclude>
    <ClInclude Include="luaIXMLdefinitions.h">
      <Filter>Header Files</Filter>
    </ClInclude>
  </ItemGroup>
  <ItemGroup>
    <None Include="IXMLtest.lua">
      <Filter>Resource Files</Filter>
    </None>
    <None Include="install.bat">
      <Filter>Resource Files</Filter>
    </None>
    <None Include="UPnPtest.lua">
      <Filter>Resource Files</Filter>
    </None>
    <None Include="TestDevice\web\DimmableLight_dcp.xml">
      <Filter>TestDevice\web</Filter>
    </None>
    <None Include="TestDevice\web\SwitchPower_0001_scpd.xml">
      <Filter>TestDevice\web</Filter>
    </None>
    <None Include="TestDevice\web\DimmingService_0001_scpd.xml">
      <Filter>TestDevice\web</Filter>
    </None>
    <None Include="TestDevice\testcode.lua">
      <Filter>TestDevice</Filter>
    </None>
    <None Include="TestDevice\NetworkLight.lua">
      <Filter>TestDevice</Filter>
    </None>
  </ItemGroup>
</Project>